# This file is automatically @generated by Cargo.
# It is not intended for manual editing.
version = 3

[[package]]
name = "json-boat"
version = "0.1.0"
dependencies = [
 "oxidized-json-checker",
]

[[package]]
name = "oxidized-json-checker"
version = "0.3.2"
source = "registry+https://github.com/rust-lang/crates.io-index"
checksum = "938464aebf563f48ab86d1cfc0e2df952985c0b814d3108f41d1b85e7f5b0dac"
